
Microsoft Visual Studio Solution File, Format Version 12.00
# Visual Studio Version 16
VisualStudioVersion = 16.0.31613.86
MinimumVisualStudioVersion = 10.0.40219.1
Project("{FAE04EC0-301F-11D3-BF4B-00C04F79EFBC}") = "B0226497_段昱如_PDPR _Week13_1", "B0226497_段昱如_PDPR _Week13_1.csproj", "{8A1C34A7-8821-4427-BAE9-E29F5A438198}"
EndProject
Global
	GlobalSection(SolutionConfigurationPlatforms) = preSolution
		Debug|Any CPU = Debug|Any CPU
		Release|Any CPU = Release|Any CPU
	EndGlobalSection
	GlobalSection(ProjectConfigurationPlatforms) = postSolution
		{8A1C34A7-8821-4427-BAE9-E29F5A438198}.Debug|Any CPU.ActiveCfg = Debug|Any CPU
		{8A1C34A7-8821-4427-BAE9-E29F5A438198}.Debug|Any CPU.Build.0 = Debug|Any CPU
		{8A1C34A7-8821-4427-BAE9-E29F5A438198}.Release|Any CPU.ActiveCfg = Release|Any CPU
		{8A1C34A7-8821-4427-BAE9-E29F5A438198}.Release|Any CPU.Build.0 = Release|Any CPU
	EndGlobalSection
	GlobalSection(SolutionProperties) = preSolution
		HideSolutionNode = FALSE
	EndGlobalSection
	GlobalSection(ExtensibilityGlobals) = postSolution
		SolutionGuid = {ADF89747-21C2-4993-9A78-568338370452}
	EndGlobalSection
EndGlobal
